
Microsoft Visual Studio Solution File, Format Version 12.00
# Visual Studio Version 17
VisualStudioVersion = 17.5.002.0
MinimumVisualStudioVersion = 10.0.40219.1
Project("{9A19103F-16F7-4668-BE54-9A1E7A4F7556}") = "WebApplication1", "WebApplication1.csproj", "{000C8BD3-D90D-48E8-9DC4-481B80821E19}"
EndProject
Global
	GlobalSection(SolutionConfigurationPlatforms) = preSolution
		Debug|Any CPU = Debug|Any CPU
		Release|Any CPU = Release|Any CPU
	EndGlobalSection
	GlobalSection(ProjectConfigurationPlatforms) = postSolution
		{000C8BD3-D90D-48E8-9DC4-481B80821E19}.Debug|Any CPU.ActiveCfg = Debug|Any CPU
		{000C8BD3-D90D-48E8-9DC4-481B80821E19}.Debug|Any CPU.Build.0 = Debug|Any CPU
		{000C8BD3-D90D-48E8-9DC4-481B80821E19}.Release|Any CPU.ActiveCfg = Release|Any CPU
		{000C8BD3-D90D-48E8-9DC4-481B80821E19}.Release|Any CPU.Build.0 = Release|Any CPU
	EndGlobalSection
	GlobalSection(SolutionProperties) = preSolution
		HideSolutionNode = FALSE
	EndGlobalSection
	GlobalSection(ExtensibilityGlobals) = postSolution
		SolutionGuid = {A6C5BD59-D4C9-4AD0-A718-0E0EBBB71BC1}
	EndGlobalSection
EndGlobal
